schema: '2.0'
stages:
  load_data:
    cmd: python load_data.py --config=params.yaml
    deps:
    - path: data/raw/test.csv
      md5: eadb6cd465356142132cfbf874843585
      size: 15366486
    - path: data/raw/train.csv
      md5: a8b6c93a5ecd8ffb4212340d218b7981
      size: 31136044
    - path: load_data.py
      md5: 22bb73c301621d65c6feffe51a40a655
      size: 1592
    outs:
    - path: data/processed/test.csv
      md5: 76c667ddf3a471b6f1a36288c7c61329
      size: 1036353
    - path: data/processed/train.csv
      md5: c9410ede2aaa6c4341a0f1deb9f164b9
      size: 4147956
  train_model:
    cmd: python train_model.py --config=params.yaml
    deps:
    - path: data/processed/test.csv
      md5: 76c667ddf3a471b6f1a36288c7c61329
      size: 1036353
    - path: data/processed/train.csv
      md5: c9410ede2aaa6c4341a0f1deb9f164b9
      size: 4147956
    - path: hyperparam_tuning.py
      md5: 9a574363cf4e06a44af0ffa0697f06a8
      size: 2368
    - path: train_model.py
      md5: f0d386a0cc0414c0603d1ce5deed5521
      size: 2888
    params:
      params.yaml:
        classifier.depth: 8
        classifier.iterations: 1027
        classifier.learning_rate: 0.31172429655289885
        hyperparams_tuning: true
    outs:
    - path: models/model.joblib
      md5: f10a332d890825ca5f05ab64541dd9b6
      size: 6186471
