schema: '2.0'
stages:
  load_data:
    cmd: python load_data.py --config=params.yaml
    deps:
    - path: data/raw/test.csv
      md5: eadb6cd465356142132cfbf874843585
      size: 15366486
    - path: data/raw/train.csv
      md5: a8b6c93a5ecd8ffb4212340d218b7981
      size: 31136044
    - path: load_data.py
      md5: c70081cbd4ff1dc744ec2b8921e7f9e7
      size: 1533
    outs:
    - path: data/processed/test.csv
      md5: 68de69836788f912cb0d2acb1591d070
      size: 945495
    - path: data/processed/train.csv
      md5: 638d46b269a86a1b5c5ced22c765dfb2
      size: 3783116
  train_model:
    cmd: python train_model.py --config=params.yaml
    deps:
    - path: data/processed/test.csv
      md5: 68de69836788f912cb0d2acb1591d070
      size: 945495
    - path: data/processed/train.csv
      md5: 638d46b269a86a1b5c5ced22c765dfb2
      size: 3783116
    - path: hyperparam_tuning.py
      md5: a70f117f2ac443a567f56c4ace84808f
      size: 1857
    - path: train_model.py
      md5: 7c43b61db1c1e23293e2e379ae541282
      size: 2406
    params:
      params.yaml:
        classifier.depth: 6
        classifier.iterations: 932
        classifier.learning_rate: 0.17858503997745498
        hyperparams_tuning: true
    outs:
    - path: models/model.joblib
      md5: 560972425187b613a94a8fc935b09ebb
      size: 211512
